github.com/openfaas/faas v0.0.0-20190721081343-a156f26443b4/go.mod h1:E0m2rLup0Vvxg53BKxGgaYAGcZa3Xl+vvL7vSi5yQ14=
github.com/openfaas/faas v0.0.0-20190916142034-3f4a33cde14e h1:p1/AxngnksWFI7EdWJY+zursK3UTfW1Q6UZAjnCrQrk=
github.com/openfaas/faas v0.0.0-20190916142034-3f4a33cde14e/go.mod h1:E0m2rLup0Vvxg53BKxGgaYAGcZa3Xl+vvL7vSi5yQ14=
github.com/openfaas/faas-provider v0.0.0-20190706113116-a04c03d034b4/go.mod h1:W4OIp33RUOpR7wW+omJB/7GhIydRmYXvKf/VqUKI4yM=
github.com/openfaas/faas-provider v0.0.0-20190805121934-a7f9772feb70 h1:CzbBXmkLlnmgCc3H/cTduEbepp0VQXEHlDMXgNpkJkg=
github.com/openfaas/faas-provider v0.0.0-20190805121934-a7f9772feb70/go.mod h1:W4OIp33RUOpR7wW+omJB/7GhIydRmYXvKf/VqUKI4yM=
github.com/pkg/errors v0.8.1 h1:iURUrRGxPUNPdy5/HRSm+Yj6okJ6UtLINN0Q9M4+h3I=
github.com/pkg/errors v0.8.1/go.mod h1:bwawxfHBFNV+L2hUp1rHADufV3IMtnDRdf1r5NINEl0=
